// !$*UTF8*$!
{
	archiveVersion = 1;
	classes = {
	};
	objectVersion = 56;
	objects = {

/* Begin PBXBuildFile section */
		52D72DE62BD8B20E00D3EB88 /* PlacesGoogleAIApp.swift in Sources */ = {isa = PBXBuildFile; fileRef = 52D72DE52BD8B20E00D3EB88 /* PlacesGoogleAIApp.swift */; };
		52D72DE82BD8B20E00D3EB88 /* ContentView.swift in Sources */ = {isa = PBXBuildFile; fileRef = 52D72DE72BD8B20E00D3EB88 /* ContentView.swift */; };
		52D72DEA2BD8B20F00D3EB88 /* Assets.xcassets in Resources */ = {isa = PBXBuildFile; fileRef = 52D72DE92BD8B20F00D3EB88 /* Assets.xcassets */; };
		52D72DED2BD8B20F00D3EB88 /* Preview Assets.xcassets in Resources */ = {isa = PBXBuildFile; fileRef = 52D72DEC2BD8B20F00D3EB88 /* Preview Assets.xcassets */; };
		52D72DF82BD8B34E00D3EB88 /* GoogleGenerativeAI in Frameworks */ = {isa = PBXBuildFile; productRef = 52D72DF72BD8B34E00D3EB88 /* GoogleGenerativeAI */; };
		52D72DFB2BD8B3C700D3EB88 /* Constant.swift in Sources */ = {isa = PBXBuildFile; fileRef = 52D72DFA2BD8B3C700D3EB88 /* Constant.swift */; };
		52D72DFD2BD8B53E00D3EB88 /* PlaceModel.swift in Sources */ = {isa = PBXBuildFile; fileRef = 52D72DFC2BD8B53E00D3EB88 /* PlaceModel.swift */; };
/* End PBXBuildFile section */

/* Begin PBXFileReference section */
		52D72DE22BD8B20E00D3EB88 /* PlacesGoogleAI.app */ = {isa = PBXFileReference; explicitFileType = wrapper.application; includeInIndex = 0; path = PlacesGoogleAI.app; sourceTree = BUILT_PRODUCTS_DIR; };
		52D72DE52BD8B20E00D3EB88 /* PlacesGoogleAIApp.swift */ = {isa = PBXFileReference; lastKnownFileType = sourcecode.swift; path = PlacesGoogleAIApp.swift; sourceTree = "<group>"; };
		52D72DE72BD8B20E00D3EB88 /* ContentView.swift */ = {isa = PBXFileReference; lastKnownFileType = sourcecode.swift; path = ContentView.swift; sourceTree = "<group>"; };
		52D72DE92BD8B20F00D3EB88 /* Assets.xcassets */ = {isa = PBXFileReference; lastKnownFileType = folder.assetcatalog; path = Assets.xcassets; sourceTree = "<group>"; };
		52D72DEC2BD8B20F00D3EB88 /* Preview Assets.xcassets */ = {isa = PBXFileReference; lastKnownFileType = folder.assetcatalog; path = "Preview Assets.xcassets"; sourceTree = "<group>"; };
		52D72DFA2BD8B3C700D3EB88 /* Constant.swift */ = {isa = PBXFileReference; lastKnownFileType = sourcecode.swift; path = Constant.swift; sourceTree = "<group>"; };
		52D72DFC2BD8B53E00D3EB88 /* PlaceModel.swift */ = {isa = PBXFileReference; lastKnownFileType = sourcecode.swift; path = PlaceModel.swift; sourceTree = "<group>"; };
/* End PBXFileReference section */

/* Begin PBXFrameworksBuildPhase section */
		52D72DDF2BD8B20E00D3EB88 /* Frameworks */ = {
			isa = PBXFrameworksBuildPhase;
			buildActionMask = 2147483647;
			files = (
				52D72DF82BD8B34E00D3EB88 /* GoogleGenerativeAI in Frameworks */,
			);
			runOnlyForDeploymentPostprocessing = 0;
		};
/* End PBXFrameworksBuildPhase section */

/* Begin PBXGroup section */
		52D72DD92BD8B20E00D3EB88 = {
			isa = PBXGroup;
			children = (
				52D72DE42BD8B20E00D3EB88 /* PlacesGoogleAI */,
				52D72DE32BD8B20E00D3EB88 /* Products */,
			);
			sourceTree = "<group>";
		};
		52D72DE32BD8B20E00D3EB88 /* Products */ = {
			isa = PBXGroup;
			children = (
				52D72DE22BD8B20E00D3EB88 /* PlacesGoogleAI.app */,
			);
			name = Products;
			sourceTree = "<group>";
		};
		52D72DE42BD8B20E00D3EB88 /* PlacesGoogleAI */ = {
			isa = PBXGroup;
			children = (
				52D72DF92BD8B3BA00D3EB88 /* Model */,
				52D72DF32BD8B21C00D3EB88 /* App */,
				52D72DF42BD8B22300D3EB88 /* View */,
				52D72DF52BD8B23C00D3EB88 /* Resources */,
				52D72DEB2BD8B20F00D3EB88 /* Preview Content */,
			);
			path = PlacesGoogleAI;
			sourceTree = "<group>";
		};
		52D72DEB2BD8B20F00D3EB88 /* Preview Content */ = {
			isa = PBXGroup;
			children = (
				52D72DEC2BD8B20F00D3EB88 /* Preview Assets.xcassets */,
			);
			path = "Preview Content";
			sourceTree = "<group>";
		};
		52D72DF32BD8B21C00D3EB88 /* App */ = {
			isa = PBXGroup;
			children = (
				52D72DE52BD8B20E00D3EB88 /* PlacesGoogleAIApp.swift */,
			);
			path = App;
			sourceTree = "<group>";
		};
		52D72DF42BD8B22300D3EB88 /* View */ = {
			isa = PBXGroup;
			children = (
				52D72DE72BD8B20E00D3EB88 /* ContentView.swift */,
			);
			path = View;
			sourceTree = "<group>";
		};
		52D72DF52BD8B23C00D3EB88 /* Resources */ = {
			isa = PBXGroup;
			children = (
				52D72DE92BD8B20F00D3EB88 /* Assets.xcassets */,
			);
			path = Resources;
			sourceTree = "<group>";
		};
		52D72DF92BD8B3BA00D3EB88 /* Model */ = {
			isa = PBXGroup;
			children = (
				52D72DFA2BD8B3C700D3EB88 /* Constant.swift */,
				52D72DFC2BD8B53E00D3EB88 /* PlaceModel.swift */,
			);
			path = Model;
			sourceTree = "<group>";
		};
/* End PBXGroup section */

/* Begin PBXNativeTarget section */
		52D72DE12BD8B20E00D3EB88 /* PlacesGoogleAI */ = {
			isa = PBXNativeTarget;
			buildConfigurationList = 52D72DF02BD8B20F00D3EB88 /* Build configuration list for PBXNativeTarget "PlacesGoogleAI" */;
			buildPhases = (
				52D72DDE2BD8B20E00D3EB88 /* Sources */,
				52D72DDF2BD8B20E00D3EB88 /* Frameworks */,
				52D72DE02BD8B20E00D3EB88 /* Resources */,
			);
			buildRules = (
			);
			dependencies = (
			);
			name = PlacesGoogleAI;
			packageProductDependencies = (
				52D72DF72BD8B34E00D3EB88 /* GoogleGenerativeAI */,
			);
			productName = PlacesGoogleAI;
			productReference = 52D72DE22BD8B20E00D3EB88 /* PlacesGoogleAI.app */;
			productType = "com.apple.product-type.application";
		};
/* End PBXNativeTarget section */

/* Begin PBXProject section */
		52D72DDA2BD8B20E00D3EB88 /* Project object */ = {
			isa = PBXProject;
			attributes = {
				BuildIndependentTargetsInParallel = 1;
				LastSwiftUpdateCheck = 1530;
				LastUpgradeCheck = 1530;
				TargetAttributes = {
					52D72DE12BD8B20E00D3EB88 = {
						CreatedOnToolsVersion = 15.3;
					};
				};
			};
			buildConfigurationList = 52D72DDD2BD8B20E00D3EB88 /* Build configuration list for PBXProject "PlacesGoogleAI" */;
			compatibilityVersion = "Xcode 14.0";
			developmentRegion = en;
			hasScannedForEncodings = 0;
			knownRegions = (
				en,
				Base,
			);
			mainGroup = 52D72DD92BD8B20E00D3EB88;
			packageReferences = (
				52D72DF62BD8B34E00D3EB88 /* XCRemoteSwiftPackageReference "generative-ai-swift" */,
			);
			productRefGroup = 52D72DE32BD8B20E00D3EB88 /* Products */;
			projectDirPath = "";
			projectRoot = "";
			targets = (
				52D72DE12BD8B20E00D3EB88 /* PlacesGoogleAI */,
			);
		};
/* End PBXProject section */

/* Begin PBXResourcesBuildPhase section */
		52D72DE02BD8B20E00D3EB88 /* Resources */ = {
			isa = PBXResourcesBuildPhase;
			buildActionMask = 2147483647;
			files = (
				52D72DED2BD8B20F00D3EB88 /* Preview Assets.xcassets in Resources */,
				52D72DEA2BD8B20F00D3EB88 /* Assets.xcassets in Resources */,
			);
			runOnlyForDeploymentPostprocessing = 0;
		};
/* End PBXResourcesBuildPhase section */

/* Begin PBXSourcesBuildPhase section */
		52D72DDE2BD8B20E00D3EB88 /* Sources */ = {
			isa = PBXSourcesBuildPhase;
			buildActionMask = 2147483647;
			files = (
				52D72DE82BD8B20E00D3EB88 /* ContentView.swift in Sources */,
				52D72DFD2BD8B53E00D3EB88 /* PlaceModel.swift in Sources */,
				52D72DE62BD8B20E00D3EB88 /* PlacesGoogleAIApp.swift in Sources */,
				52D72DFB2BD8B3C700D3EB88 /* Constant.swift in Sources */,
			);
			runOnlyForDeploymentPostprocessing = 0;
		};
/* End PBXSourcesBuildPhase section */

/* Begin XCBuildConfiguration section */
		52D72DEE2BD8B20F00D3EB88 /* Debug */ = {
			isa = XCBuildConfiguration;
			buildSettings = {
				ALWAYS_SEARCH_USER_PATHS = NO;
				ASSETCATALOG_COMPILER_GENERATE_SWIFT_ASSET_SYMBOL_EXTENSIONS = YES;
				CLANG_ANALYZER_NONNULL = YES;
				CLANG_ANALYZER_NUMBER_OBJECT_CONVERSION = YES_AGGRESSIVE;
				CLANG_CXX_LANGUAGE_STANDARD = "gnu++20";
				CLANG_ENABLE_MODULES = YES;
				CLANG_ENABLE_OBJC_ARC = YES;
				CLANG_ENABLE_OBJC_WEAK = YES;
				CLANG_WARN_BLOCK_CAPTURE_AUTORELEASING = YES;
				CLANG_WARN_BOOL_CONVERSION = YES;
				CLANG_WARN_COMMA = YES;
				CLANG_WARN_CONSTANT_CONVERSION = YES;
				CLANG_WARN_DEPRECATED_OBJC_IMPLEMENTATIONS = YES;
				CLANG_WARN_DIRECT_OBJC_ISA_USAGE = YES_ERROR;
				CLANG_WARN_DOCUMENTATION_COMMENTS = YES;
				CLANG_WARN_EMPTY_BODY = YES;
				CLANG_WARN_ENUM_CONVERSION = YES;
				CLANG_WARN_INFINITE_RECURSION = YES;
				CLANG_WARN_INT_CONVERSION = YES;
				CLANG_WARN_NON_LITERAL_NULL_CONVERSION = YES;
				CLANG_WARN_OBJC_IMPLICIT_RETAIN_SELF = YES;
				CLANG_WARN_OBJC_LITERAL_CONVERSION = YES;
				CLANG_WARN_OBJC_ROOT_CLASS = YES_ERROR;
				CLANG_WARN_QUOTED_INCLUDE_IN_FRAMEWORK_HEADER = YES;
				CLANG_WARN_RANGE_LOOP_ANALYSIS = YES;
				CLANG_WARN_STRICT_PROTOTYPES = YES;
				CLANG_WARN_SUSPICIOUS_MOVE = YES;
				CLANG_WARN_UNGUARDED_AVAILABILITY = YES_AGGRESSIVE;
				CLANG_WARN_UNREACHABLE_CODE = YES;
				CLANG_WARN__DUPLICATE_METHOD_MATCH = YES;
				COPY_PHASE_STRIP = NO;
				DEBUG_INFORMATION_FORMAT = dwarf;
				ENABLE_STRICT_OBJC_MSGSEND = YES;
				ENABLE_TESTABILITY = YES;
				ENABLE_USER_SCRIPT_SANDBOXING = YES;
				GCC_C_LANGUAGE_STANDARD = gnu17;
				GCC_DYNAMIC_NO_PIC = NO;
				GCC_NO_COMMON_BLOCKS = YES;
				GCC_OPTIMIZATION_LEVEL = 0;
				GCC_PREPROCESSOR_DEFINITIONS = (
					"DEBUG=1",
					"$(inherited)",
				);
				GCC_WARN_64_TO_32_BIT_CONVERSION = YES;
				GCC_WARN_ABOUT_RETURN_TYPE = YES_ERROR;
				GCC_WARN_UNDECLARED_SELECTOR = YES;
				GCC_WARN_UNINITIALIZED_AUTOS = YES_AGGRESSIVE;
				GCC_WARN_UNUSED_FUNCTION = YES;
				GCC_WARN_UNUSED_VARIABLE = YES;
				IPHONEOS_DEPLOYMENT_TARGET = 17.4;
				LOCALIZATION_PREFERS_STRING_CATALOGS = YES;
				MTL_ENABLE_DEBUG_INFO = INCLUDE_SOURCE;
				MTL_FAST_MATH = YES;
				ONLY_ACTIVE_ARCH = YES;
				SDKROOT = iphoneos;
				SWIFT_ACTIVE_COMPILATION_CONDITIONS = "DEBUG $(inherited)";
				SWIFT_OPTIMIZATION_LEVEL = "-Onone";
			};
			name = Debug;
		};
		52D72DEF2BD8B20F00D3EB88 /* Release */ = {
			isa = XCBuildConfiguration;
			buildSettings = {
				ALWAYS_SEARCH_USER_PATHS = NO;
				ASSETCATALOG_COMPILER_GENERATE_SWIFT_ASSET_SYMBOL_EXTENSIONS = YES;
				CLANG_ANALYZER_NONNULL = YES;
				CLANG_ANALYZER_NUMBER_OBJECT_CONVERSION = YES_AGGRESSIVE;
				CLANG_CXX_LANGUAGE_STANDARD = "gnu++20";
				CLANG_ENABLE_MODULES = YES;
				CLANG_ENABLE_OBJC_ARC = YES;
				CLANG_ENABLE_OBJC_WEAK = YES;
				CLANG_WARN_BLOCK_CAPTURE_AUTORELEASING = YES;
				CLANG_WARN_BOOL_CONVERSION = YES;
				CLANG_WARN_COMMA = YES;
				CLANG_WARN_CONSTANT_CONVERSION = YES;
				CLANG_WARN_DEPRECATED_OBJC_IMPLEMENTATIONS = YES;
				CLANG_WARN_DIRECT_OBJC_ISA_USAGE = YES_ERROR;
				CLANG_WARN_DOCUMENTATION_COMMENTS = YES;
				CLANG_WARN_EMPTY_BODY = YES;
				CLANG_WARN_ENUM_CONVERSION = YES;
				CLANG_WARN_INFINITE_RECURSION = YES;
				CLANG_WARN_INT_CONVERSION = YES;
				CLANG_WARN_NON_LITERAL_NULL_CONVERSION = YES;
				CLANG_WARN_OBJC_IMPLICIT_RETAIN_SELF = YES;
				CLANG_WARN_OBJC_LITERAL_CONVERSION = YES;
				CLANG_WARN_OBJC_ROOT_CLASS = YES_ERROR;
				CLANG_WARN_QUOTED_INCLUDE_IN_FRAMEWORK_HEADER = YES;
				CLANG_WARN_RANGE_LOOP_ANALYSIS = YES;
				CLANG_WARN_STRICT_PROTOTYPES = YES;
				CLANG_WARN_SUSPICIOUS_MOVE = YES;
				CLANG_WARN_UNGUARDED_AVAILABILITY = YES_AGGRESSIVE;
				CLANG_WARN_UNREACHABLE_CODE = YES;
				CLANG_WARN__DUPLICATE_METHOD_MATCH = YES;
				COPY_PHASE_STRIP = NO;
				DEBUG_INFORMATION_FORMAT = "dwarf-with-dsym";
				ENABLE_NS_ASSERTIONS = NO;
				ENABLE_STRICT_OBJC_MSGSEND = YES;
				ENABLE_USER_SCRIPT_SANDBOXING = YES;
				GCC_C_LANGUAGE_STANDARD = gnu17;
				GCC_NO_COMMON_BLOCKS = YES;
				GCC_WARN_64_TO_32_BIT_CONVERSION = YES;
				GCC_WARN_ABOUT_RETURN_TYPE = YES_ERROR;
				GCC_WARN_UNDECLARED_SELECTOR = YES;
				GCC_WARN_UNINITIALIZED_AUTOS = YES_AGGRESSIVE;
				GCC_WARN_UNUSED_FUNCTION = YES;
				GCC_WARN_UNUSED_VARIABLE = YES;
				IPHONEOS_DEPLOYMENT_TARGET = 17.4;
				LOCALIZATION_PREFERS_STRING_CATALOGS = YES;
				MTL_ENABLE_DEBUG_INFO = NO;
				MTL_FAST_MATH = YES;
				SDKROOT = iphoneos;
				SWIFT_COMPILATION_MODE = wholemodule;
				VALIDATE_PRODUCT = YES;
			};
			name = Release;
		};
		52D72DF12BD8B20F00D3EB88 /* Debug */ = {
			isa = XCBuildConfiguration;
			buildSettings = {
				ASSETCATALOG_COMPILER_APPICON_NAME = AppIcon;
				ASSETCATALOG_COMPILER_GLOBAL_ACCENT_COLOR_NAME = AccentColor;
				CODE_SIGN_STYLE = Automatic;
				CURRENT_PROJECT_VERSION = 1;
				DEVELOPMENT_ASSET_PATHS = "\"PlacesGoogleAI/Preview Content\"";
				ENABLE_PREVIEWS = YES;
				GENERATE_INFOPLIST_FILE = YES;
				INFOPLIST_KEY_UIApplicationSceneManifest_Generation = YES;
				INFOPLIST_KEY_UIApplicationSupportsIndirectInputEvents = YES;
				INFOPLIST_KEY_UILaunchScreen_Generation = YES;
				INFOPLIST_KEY_UISupportedInterfaceOrientations_iPad = "UIInterfaceOrientationPortrait UIInterfaceOrientationPortraitUpsideDown UIInterfaceOrientationLandscapeLeft UIInterfaceOrientationLandscapeRight";
				INFOPLIST_KEY_UISupportedInterfaceOrientations_iPhone = "UIInterfaceOrientationPortrait UIInterfaceOrientationLandscapeLeft UIInterfaceOrientationLandscapeRight";
				LD_RUNPATH_SEARCH_PATHS = (
					"$(inherited)",
					"@executable_path/Frameworks",
				);
				MARKETING_VERSION = 1.0;
				PRODUCT_BUNDLE_IDENTIFIER = com.dira.PlacesGoogleAI;
				PRODUCT_NAME = "$(TARGET_NAME)";
				SWIFT_EMIT_LOC_STRINGS = YES;
				SWIFT_VERSION = 5.0;
				TARGETED_DEVICE_FAMILY = "1,2";
			};
			name = Debug;
		};
		52D72DF22BD8B20F00D3EB88 /* Release */ = {
			isa = XCBuildConfiguration;
			buildSettings = {
				ASSETCATALOG_COMPILER_APPICON_NAME = AppIcon;
				ASSETCATALOG_COMPILER_GLOBAL_ACCENT_COLOR_NAME = AccentColor;
				CODE_SIGN_STYLE = Automatic;
				CURRENT_PROJECT_VERSION = 1;
				DEVELOPMENT_ASSET_PATHS = "\"PlacesGoogleAI/Preview Content\"";
				ENABLE_PREVIEWS = YES;
				GENERATE_INFOPLIST_FILE = YES;
				INFOPLIST_KEY_UIApplicationSceneManifest_Generation = YES;
				INFOPLIST_KEY_UIApplicationSupportsIndirectInputEvents = YES;
				INFOPLIST_KEY_UILaunchScreen_Generation = YES;
				INFOPLIST_KEY_UISupportedInterfaceOrientations_iPad = "UIInterfaceOrientationPortrait UIInterfaceOrientationPortraitUpsideDown UIInterfaceOrientationLandscapeLeft UIInterfaceOrientationLandscapeRight";
				INFOPLIST_KEY_UISupportedInterfaceOrientations_iPhone = "UIInterfaceOrientationPortrait UIInterfaceOrientationLandscapeLeft UIInterfaceOrientationLandscapeRight";
				LD_RUNPATH_SEARCH_PATHS = (
					"$(inherited)",
					"@executable_path/Frameworks",
				);
				MARKETING_VERSION = 1.0;
				PRODUCT_BUNDLE_IDENTIFIER = com.dira.PlacesGoogleAI;
				PRODUCT_NAME = "$(TARGET_NAME)";
				SWIFT_EMIT_LOC_STRINGS = YES;
				SWIFT_VERSION = 5.0;
				TARGETED_DEVICE_FAMILY = "1,2";
			};
			name = Release;
		};
/* End XCBuildConfiguration section */

/* Begin XCConfigurationList section */
		52D72DDD2BD8B20E00D3EB88 /* Build configuration list for PBXProject "PlacesGoogleAI" */ = {
			isa = XCConfigurationList;
			buildConfigurations = (
				52D72DEE2BD8B20F00D3EB88 /* Debug */,
				52D72DEF2BD8B20F00D3EB88 /* Release */,
			);
			defaultConfigurationIsVisible = 0;
			defaultConfigurationName = Release;
		};
		52D72DF02BD8B20F00D3EB88 /* Build configuration list for PBXNativeTarget "PlacesGoogleAI" */ = {
			isa = XCConfigurationList;
			buildConfigurations = (
				52D72DF12BD8B20F00D3EB88 /* Debug */,
				52D72DF22BD8B20F00D3EB88 /* Release */,
			);
			defaultConfigurationIsVisible = 0;
			defaultConfigurationName = Release;
		};
/* End XCConfigurationList section */

/* Begin XCRemoteSwiftPackageReference section */
		52D72DF62BD8B34E00D3EB88 /* XCRemoteSwiftPackageReference "generative-ai-swift" */ = {
			isa = XCRemoteSwiftPackageReference;
			repositoryURL = "https://github.com/google-gemini/generative-ai-swift.git";
			requirement = {
				kind = upToNextMajorVersion;
				minimumVersion = 0.5.0;
			};
		};
/* End XCRemoteSwiftPackageReference section */

/* Begin XCSwiftPackageProductDependency section */
		52D72DF72BD8B34E00D3EB88 /* GoogleGenerativeAI */ = {
			isa = XCSwiftPackageProductDependency;
			package = 52D72DF62BD8B34E00D3EB88 /* XCRemoteSwiftPackageReference "generative-ai-swift" */;
			productName = GoogleGenerativeAI;
		};
/* End XCSwiftPackageProductDependency section */
	};
	rootObject = 52D72DDA2BD8B20E00D3EB88 /* Project object */;
}
